// !$*UTF8*$!
{
	archiveVersion = 1;
	classes = {
	};
	objectVersion = 55;
	objects = {

/* Begin PBXBuildFile section */
		B624BEC928CFC3C4003E26B1 /* PhrasesView.swift in Sources */ = {isa = PBXBuildFile; fileRef = B624BEC828CFC3C4003E26B1 /* PhrasesView.swift */; };
		B624BECA28CFC3C4003E26B1 /* PhrasesView.swift in Sources */ = {isa = PBXBuildFile; fileRef = B624BEC828CFC3C4003E26B1 /* PhrasesView.swift */; };
		B624BECC28CFC3D7003E26B1 /* HistoryView.swift in Sources */ = {isa = PBXBuildFile; fileRef = B624BECB28CFC3D7003E26B1 /* HistoryView.swift */; };
		B624BECD28CFC3D7003E26B1 /* HistoryView.swift in Sources */ = {isa = PBXBuildFile; fileRef = B624BECB28CFC3D7003E26B1 /* HistoryView.swift */; };
		B624BECF28CFC3E7003E26B1 /* GalleryView.swift in Sources */ = {isa = PBXBuildFile; fileRef = B624BECE28CFC3E7003E26B1 /* GalleryView.swift */; };
		B624BED028CFC3E7003E26B1 /* GalleryView.swift in Sources */ = {isa = PBXBuildFile; fileRef = B624BECE28CFC3E7003E26B1 /* GalleryView.swift */; };
		B66D39FC28BABB150045FD1E /* SpiqueApp.swift in Sources */ = {isa = PBXBuildFile; fileRef = B66D39EC28BABB140045FD1E /* SpiqueApp.swift */; };
		B66D39FD28BABB150045FD1E /* SpiqueApp.swift in Sources */ = {isa = PBXBuildFile; fileRef = B66D39EC28BABB140045FD1E /* SpiqueApp.swift */; };
		B66D39FE28BABB150045FD1E /* ContentView.swift in Sources */ = {isa = PBXBuildFile; fileRef = B66D39ED28BABB140045FD1E /* ContentView.swift */; };
		B66D39FF28BABB150045FD1E /* ContentView.swift in Sources */ = {isa = PBXBuildFile; fileRef = B66D39ED28BABB140045FD1E /* ContentView.swift */; };
		B66D3A0028BABB150045FD1E /* Assets.xcassets in Resources */ = {isa = PBXBuildFile; fileRef = B66D39EE28BABB150045FD1E /* Assets.xcassets */; };
		B66D3A0128BABB150045FD1E /* Assets.xcassets in Resources */ = {isa = PBXBuildFile; fileRef = B66D39EE28BABB150045FD1E /* Assets.xcassets */; };
		B66D3A0B28BACDF70045FD1E /* PhraseListView.swift in Sources */ = {isa = PBXBuildFile; fileRef = B66D3A0A28BACDF70045FD1E /* PhraseListView.swift */; };
		B66D3A0C28BACDF70045FD1E /* PhraseListView.swift in Sources */ = {isa = PBXBuildFile; fileRef = B66D3A0A28BACDF70045FD1E /* PhraseListView.swift */; };
		B66D3A0E28BACE5A0045FD1E /* SidebarView.swift in Sources */ = {isa = PBXBuildFile; fileRef = B66D3A0D28BACE5A0045FD1E /* SidebarView.swift */; };
		B66D3A0F28BACE5A0045FD1E /* SidebarView.swift in Sources */ = {isa = PBXBuildFile; fileRef = B66D3A0D28BACE5A0045FD1E /* SidebarView.swift */; };
		B66D3A1128BB18AA0045FD1E /* Phrase.swift in Sources */ = {isa = PBXBuildFile; fileRef = B66D3A1028BB18AA0045FD1E /* Phrase.swift */; };
		B66D3A1228BB18AA0045FD1E /* Phrase.swift in Sources */ = {isa = PBXBuildFile; fileRef = B66D3A1028BB18AA0045FD1E /* Phrase.swift */; };
		B66D3A1528BC540E0045FD1E /* database.json in Resources */ = {isa = PBXBuildFile; fileRef = B66D3A1428BC540E0045FD1E /* database.json */; };
		B66D3A1628BC540E0045FD1E /* database.json in Resources */ = {isa = PBXBuildFile; fileRef = B66D3A1428BC540E0045FD1E /* database.json */; };
		B66D3A1928BC55B10045FD1E /* Store.swift in Sources */ = {isa = PBXBuildFile; fileRef = B66D3A1828BC55B10045FD1E /* Store.swift */; };
		B66D3A1A28BC55B10045FD1E /* Store.swift in Sources */ = {isa = PBXBuildFile; fileRef = B66D3A1828BC55B10045FD1E /* Store.swift */; };
		B66D3A1C28BC6AA00045FD1E /* PhraseTile.swift in Sources */ = {isa = PBXBuildFile; fileRef = B66D3A1B28BC6AA00045FD1E /* PhraseTile.swift */; };
		B66D3A1D28BC6AA00045FD1E /* PhraseTile.swift in Sources */ = {isa = PBXBuildFile; fileRef = B66D3A1B28BC6AA00045FD1E /* PhraseTile.swift */; };
		B6C2BC0A28EFD86E00CE69C0 /* Introspect in Frameworks */ = {isa = PBXBuildFile; productRef = B6C2BC0928EFD86E00CE69C0 /* Introspect */; };
		B6C2BC0C28EFF87B00CE69C0 /* MultiLineTextField.swift in Sources */ = {isa = PBXBuildFile; fileRef = B6C2BC0B28EFF87B00CE69C0 /* MultiLineTextField.swift */; };
		B6C2BC0D28EFF87B00CE69C0 /* MultiLineTextField.swift in Sources */ = {isa = PBXBuildFile; fileRef = B6C2BC0B28EFF87B00CE69C0 /* MultiLineTextField.swift */; };
		B6C2BC0F28F1331300CE69C0 /* SpeakNowBar.swift in Sources */ = {isa = PBXBuildFile; fileRef = B6C2BC0E28F1331300CE69C0 /* SpeakNowBar.swift */; };
		B6C2BC1028F1331300CE69C0 /* SpeakNowBar.swift in Sources */ = {isa = PBXBuildFile; fileRef = B6C2BC0E28F1331300CE69C0 /* SpeakNowBar.swift */; };
/* End PBXBuildFile section */

/* Begin PBXFileReference section */
		B624BEC828CFC3C4003E26B1 /* PhrasesView.swift */ = {isa = PBXFileReference; lastKnownFileType = sourcecode.swift; path = PhrasesView.swift; sourceTree = "<group>"; };
		B624BECB28CFC3D7003E26B1 /* HistoryView.swift */ = {isa = PBXFileReference; lastKnownFileType = sourcecode.swift; path = HistoryView.swift; sourceTree = "<group>"; };
		B624BECE28CFC3E7003E26B1 /* GalleryView.swift */ = {isa = PBXFileReference; lastKnownFileType = sourcecode.swift; path = GalleryView.swift; sourceTree = "<group>"; };
		B66D39EC28BABB140045FD1E /* SpiqueApp.swift */ = {isa = PBXFileReference; lastKnownFileType = sourcecode.swift; path = SpiqueApp.swift; sourceTree = "<group>"; };
		B66D39ED28BABB140045FD1E /* ContentView.swift */ = {isa = PBXFileReference; lastKnownFileType = sourcecode.swift; path = ContentView.swift; sourceTree = "<group>"; };
		B66D39EE28BABB150045FD1E /* Assets.xcassets */ = {isa = PBXFileReference; lastKnownFileType = folder.assetcatalog; path = Assets.xcassets; sourceTree = "<group>"; };
		B66D39F328BABB150045FD1E /* Spique.app */ = {isa = PBXFileReference; explicitFileType = wrapper.application; includeInIndex = 0; path = Spique.app; sourceTree = BUILT_PRODUCTS_DIR; };
		B66D39F928BABB150045FD1E /* Spique.app */ = {isa = PBXFileReference; explicitFileType = wrapper.application; includeInIndex = 0; path = Spique.app; sourceTree = BUILT_PRODUCTS_DIR; };
		B66D39FB28BABB150045FD1E /* macOS.entitlements */ = {isa = PBXFileReference; lastKnownFileType = text.plist.entitlements; path = macOS.entitlements; sourceTree = "<group>"; };
		B66D3A0A28BACDF70045FD1E /* PhraseListView.swift */ = {isa = PBXFileReference; lastKnownFileType = sourcecode.swift; path = PhraseListView.swift; sourceTree = "<group>"; };
		B66D3A0D28BACE5A0045FD1E /* SidebarView.swift */ = {isa = PBXFileReference; lastKnownFileType = sourcecode.swift; path = SidebarView.swift; sourceTree = "<group>"; };
		B66D3A1028BB18AA0045FD1E /* Phrase.swift */ = {isa = PBXFileReference; lastKnownFileType = sourcecode.swift; path = Phrase.swift; sourceTree = "<group>"; };
		B66D3A1428BC540E0045FD1E /* database.json */ = {isa = PBXFileReference; lastKnownFileType = text.json; path = database.json; sourceTree = "<group>"; };
		B66D3A1828BC55B10045FD1E /* Store.swift */ = {isa = PBXFileReference; lastKnownFileType = sourcecode.swift; path = Store.swift; sourceTree = "<group>"; };
		B66D3A1B28BC6AA00045FD1E /* PhraseTile.swift */ = {isa = PBXFileReference; lastKnownFileType = sourcecode.swift; path = PhraseTile.swift; sourceTree = "<group>"; };
		B6C2BC0B28EFF87B00CE69C0 /* MultiLineTextField.swift */ = {isa = PBXFileReference; lastKnownFileType = sourcecode.swift; path = MultiLineTextField.swift; sourceTree = "<group>"; };
		B6C2BC0E28F1331300CE69C0 /* SpeakNowBar.swift */ = {isa = PBXFileReference; lastKnownFileType = sourcecode.swift; path = SpeakNowBar.swift; sourceTree = "<group>"; };
/* End PBXFileReference section */

/* Begin PBXFrameworksBuildPhase section */
		B66D39F028BABB150045FD1E /* Frameworks */ = {
			isa = PBXFrameworksBuildPhase;
			buildActionMask = 2147483647;
			files = (
				B6C2BC0A28EFD86E00CE69C0 /* Introspect in Frameworks */,
			);
			runOnlyForDeploymentPostprocessing = 0;
		};
		B66D39F628BABB150045FD1E /* Frameworks */ = {
			isa = PBXFrameworksBuildPhase;
			buildActionMask = 2147483647;
			files = (
			);
			runOnlyForDeploymentPostprocessing = 0;
		};
/* End PBXFrameworksBuildPhase section */

/* Begin PBXGroup section */
		B66D39E628BABB140045FD1E = {
			isa = PBXGroup;
			children = (
				B66D39EB28BABB140045FD1E /* Shared */,
				B66D39FA28BABB150045FD1E /* macOS */,
				B66D39F428BABB150045FD1E /* Products */,
			);
			sourceTree = "<group>";
		};
		B66D39EB28BABB140045FD1E /* Shared */ = {
			isa = PBXGroup;
			children = (
				B66D3A1728BC54DE0045FD1E /* Model */,
				B66D3A1328BC53BE0045FD1E /* Resources */,
				B66D39EC28BABB140045FD1E /* SpiqueApp.swift */,
				B66D39ED28BABB140045FD1E /* ContentView.swift */,
				B6C2BC0E28F1331300CE69C0 /* SpeakNowBar.swift */,
				B6C2BC0B28EFF87B00CE69C0 /* MultiLineTextField.swift */,
				B624BECE28CFC3E7003E26B1 /* GalleryView.swift */,
				B624BECB28CFC3D7003E26B1 /* HistoryView.swift */,
				B624BEC828CFC3C4003E26B1 /* PhrasesView.swift */,
				B66D3A0D28BACE5A0045FD1E /* SidebarView.swift */,
				B66D3A0A28BACDF70045FD1E /* PhraseListView.swift */,
				B66D3A1B28BC6AA00045FD1E /* PhraseTile.swift */,
				B66D39EE28BABB150045FD1E /* Assets.xcassets */,
			);
			path = Shared;
			sourceTree = "<group>";
		};
		B66D39F428BABB150045FD1E /* Products */ = {
			isa = PBXGroup;
			children = (
				B66D39F328BABB150045FD1E /* Spique.app */,
				B66D39F928BABB150045FD1E /* Spique.app */,
			);
			name = Products;
			sourceTree = "<group>";
		};
		B66D39FA28BABB150045FD1E /* macOS */ = {
			isa = PBXGroup;
			children = (
				B66D39FB28BABB150045FD1E /* macOS.entitlements */,
			);
			path = macOS;
			sourceTree = "<group>";
		};
		B66D3A1328BC53BE0045FD1E /* Resources */ = {
			isa = PBXGroup;
			children = (
				B66D3A1428BC540E0045FD1E /* database.json */,
			);
			path = Resources;
			sourceTree = "<group>";
		};
		B66D3A1728BC54DE0045FD1E /* Model */ = {
			isa = PBXGroup;
			children = (
				B66D3A1028BB18AA0045FD1E /* Phrase.swift */,
				B66D3A1828BC55B10045FD1E /* Store.swift */,
			);
			path = Model;
			sourceTree = "<group>";
		};
/* End PBXGroup section */

/* Begin PBXNativeTarget section */
		B66D39F228BABB150045FD1E /* Spique (iOS) */ = {
			isa = PBXNativeTarget;
			buildConfigurationList = B66D3A0428BABB150045FD1E /* Build configuration list for PBXNativeTarget "Spique (iOS)" */;
			buildPhases = (
				B66D39EF28BABB150045FD1E /* Sources */,
				B66D39F028BABB150045FD1E /* Frameworks */,
				B66D39F128BABB150045FD1E /* Resources */,
			);
			buildRules = (
			);
			dependencies = (
			);
			name = "Spique (iOS)";
			packageProductDependencies = (
				B6C2BC0928EFD86E00CE69C0 /* Introspect */,
			);
			productName = "Spique (iOS)";
			productReference = B66D39F328BABB150045FD1E /* Spique.app */;
			productType = "com.apple.product-type.application";
		};
		B66D39F828BABB150045FD1E /* Spique (macOS) */ = {
			isa = PBXNativeTarget;
			buildConfigurationList = B66D3A0728BABB150045FD1E /* Build configuration list for PBXNativeTarget "Spique (macOS)" */;
			buildPhases = (
				B66D39F528BABB150045FD1E /* Sources */,
				B66D39F628BABB150045FD1E /* Frameworks */,
				B66D39F728BABB150045FD1E /* Resources */,
			);
			buildRules = (
			);
			dependencies = (
			);
			name = "Spique (macOS)";
			productName = "Spique (macOS)";
			productReference = B66D39F928BABB150045FD1E /* Spique.app */;
			productType = "com.apple.product-type.application";
		};
/* End PBXNativeTarget section */

/* Begin PBXProject section */
		B66D39E728BABB140045FD1E /* Project object */ = {
			isa = PBXProject;
			attributes = {
				BuildIndependentTargetsInParallel = 1;
				LastSwiftUpdateCheck = 1340;
				LastUpgradeCheck = 1340;
				TargetAttributes = {
					B66D39F228BABB150045FD1E = {
						CreatedOnToolsVersion = 13.4.1;
					};
					B66D39F828BABB150045FD1E = {
						CreatedOnToolsVersion = 13.4.1;
					};
				};
			};
			buildConfigurationList = B66D39EA28BABB140045FD1E /* Build configuration list for PBXProject "Spique" */;
			compatibilityVersion = "Xcode 13.0";
			developmentRegion = en;
			hasScannedForEncodings = 0;
			knownRegions = (
				en,
				Base,
			);
			mainGroup = B66D39E628BABB140045FD1E;
			packageReferences = (
				B6C2BC0828EFD86E00CE69C0 /* XCRemoteSwiftPackageReference "SwiftUI-Introspect" */,
			);
			productRefGroup = B66D39F428BABB150045FD1E /* Products */;
			projectDirPath = "";
			projectRoot = "";
			targets = (
				B66D39F228BABB150045FD1E /* Spique (iOS) */,
				B66D39F828BABB150045FD1E /* Spique (macOS) */,
			);
		};
/* End PBXProject section */

/* Begin PBXResourcesBuildPhase section */
		B66D39F128BABB150045FD1E /* Resources */ = {
			isa = PBXResourcesBuildPhase;
			buildActionMask = 2147483647;
			files = (
				B66D3A1528BC540E0045FD1E /* database.json in Resources */,
				B66D3A0028BABB150045FD1E /* Assets.xcassets in Resources */,
			);
			runOnlyForDeploymentPostprocessing = 0;
		};
		B66D39F728BABB150045FD1E /* Resources */ = {
			isa = PBXResourcesBuildPhase;
			buildActionMask = 2147483647;
			files = (
				B66D3A1628BC540E0045FD1E /* database.json in Resources */,
				B66D3A0128BABB150045FD1E /* Assets.xcassets in Resources */,
			);
			runOnlyForDeploymentPostprocessing = 0;
		};
/* End PBXResourcesBuildPhase section */

/* Begin PBXSourcesBuildPhase section */
		B66D39EF28BABB150045FD1E /* Sources */ = {
			isa = PBXSourcesBuildPhase;
			buildActionMask = 2147483647;
			files = (
				B66D39FE28BABB150045FD1E /* ContentView.swift in Sources */,
				B66D3A1128BB18AA0045FD1E /* Phrase.swift in Sources */,
				B66D3A0E28BACE5A0045FD1E /* SidebarView.swift in Sources */,
				B6C2BC0C28EFF87B00CE69C0 /* MultiLineTextField.swift in Sources */,
				B66D3A1928BC55B10045FD1E /* Store.swift in Sources */,
				B66D39FC28BABB150045FD1E /* SpiqueApp.swift in Sources */,
				B624BEC928CFC3C4003E26B1 /* PhrasesView.swift in Sources */,
				B66D3A1C28BC6AA00045FD1E /* PhraseTile.swift in Sources */,
				B624BECC28CFC3D7003E26B1 /* HistoryView.swift in Sources */,
				B6C2BC0F28F1331300CE69C0 /* SpeakNowBar.swift in Sources */,
				B66D3A0B28BACDF70045FD1E /* PhraseListView.swift in Sources */,
				B624BECF28CFC3E7003E26B1 /* GalleryView.swift in Sources */,
			);
			runOnlyForDeploymentPostprocessing = 0;
		};
		B66D39F528BABB150045FD1E /* Sources */ = {
			isa = PBXSourcesBuildPhase;
			buildActionMask = 2147483647;
			files = (
				B66D39FF28BABB150045FD1E /* ContentView.swift in Sources */,
				B66D3A1228BB18AA0045FD1E /* Phrase.swift in Sources */,
				B66D3A0F28BACE5A0045FD1E /* SidebarView.swift in Sources */,
				B6C2BC0D28EFF87B00CE69C0 /* MultiLineTextField.swift in Sources */,
				B66D3A1A28BC55B10045FD1E /* Store.swift in Sources */,
				B66D39FD28BABB150045FD1E /* SpiqueApp.swift in Sources */,
				B624BECA28CFC3C4003E26B1 /* PhrasesView.swift in Sources */,
				B66D3A1D28BC6AA00045FD1E /* PhraseTile.swift in Sources */,
				B624BECD28CFC3D7003E26B1 /* HistoryView.swift in Sources */,
				B6C2BC1028F1331300CE69C0 /* SpeakNowBar.swift in Sources */,
				B66D3A0C28BACDF70045FD1E /* PhraseListView.swift in Sources */,
				B624BED028CFC3E7003E26B1 /* GalleryView.swift in Sources */,
			);
			runOnlyForDeploymentPostprocessing = 0;
		};
/* End PBXSourcesBuildPhase section */

/* Begin XCBuildConfiguration section */
		B66D3A0228BABB150045FD1E /* Debug */ = {
			isa = XCBuildConfiguration;
			buildSettings = {
				ALWAYS_SEARCH_USER_PATHS = NO;
				CLANG_ANALYZER_NONNULL = YES;
				CLANG_ANALYZER_NUMBER_OBJECT_CONVERSION = YES_AGGRESSIVE;
				CLANG_CXX_LANGUAGE_STANDARD = "gnu++17";
				CLANG_ENABLE_MODULES = YES;
				CLANG_ENABLE_OBJC_ARC = YES;
				CLANG_ENABLE_OBJC_WEAK = YES;
				CLANG_WARN_BLOCK_CAPTURE_AUTORELEASING = YES;
				CLANG_WARN_BOOL_CONVERSION = YES;
				CLANG_WARN_COMMA = YES;
				CLANG_WARN_CONSTANT_CONVERSION = YES;
				CLANG_WARN_DEPRECATED_OBJC_IMPLEMENTATIONS = YES;
				CLANG_WARN_DIRECT_OBJC_ISA_USAGE = YES_ERROR;
				CLANG_WARN_DOCUMENTATION_COMMENTS = YES;
				CLANG_WARN_EMPTY_BODY = YES;
				CLANG_WARN_ENUM_CONVERSION = YES;
				CLANG_WARN_INFINITE_RECURSION = YES;
				CLANG_WARN_INT_CONVERSION = YES;
				CLANG_WARN_NON_LITERAL_NULL_CONVERSION = YES;
				CLANG_WARN_OBJC_IMPLICIT_RETAIN_SELF = YES;
				CLANG_WARN_OBJC_LITERAL_CONVERSION = YES;
				CLANG_WARN_OBJC_ROOT_CLASS = YES_ERROR;
				CLANG_WARN_QUOTED_INCLUDE_IN_FRAMEWORK_HEADER = YES;
				CLANG_WARN_RANGE_LOOP_ANALYSIS = YES;
				CLANG_WARN_STRICT_PROTOTYPES = YES;
				CLANG_WARN_SUSPICIOUS_MOVE = YES;
				CLANG_WARN_UNGUARDED_AVAILABILITY = YES_AGGRESSIVE;
				CLANG_WARN_UNREACHABLE_CODE = YES;
				CLANG_WARN__DUPLICATE_METHOD_MATCH = YES;
				COPY_PHASE_STRIP = NO;
				DEBUG_INFORMATION_FORMAT = dwarf;
				ENABLE_STRICT_OBJC_MSGSEND = YES;
				ENABLE_TESTABILITY = YES;
				GCC_C_LANGUAGE_STANDARD = gnu11;
				GCC_DYNAMIC_NO_PIC = NO;
				GCC_NO_COMMON_BLOCKS = YES;
				GCC_OPTIMIZATION_LEVEL = 0;
				GCC_PREPROCESSOR_DEFINITIONS = (
					"DEBUG=1",
					"$(inherited)",
				);
				GCC_WARN_64_TO_32_BIT_CONVERSION = YES;
				GCC_WARN_ABOUT_RETURN_TYPE = YES_ERROR;
				GCC_WARN_UNDECLARED_SELECTOR = YES;
				GCC_WARN_UNINITIALIZED_AUTOS = YES_AGGRESSIVE;
				GCC_WARN_UNUSED_FUNCTION = YES;
				GCC_WARN_UNUSED_VARIABLE = YES;
				MTL_ENABLE_DEBUG_INFO = INCLUDE_SOURCE;
				MTL_FAST_MATH = YES;
				ONLY_ACTIVE_ARCH = YES;
				SWIFT_ACTIVE_COMPILATION_CONDITIONS = DEBUG;
				SWIFT_OPTIMIZATION_LEVEL = "-Onone";
			};
			name = Debug;
		};
		B66D3A0328BABB150045FD1E /* Release */ = {
			isa = XCBuildConfiguration;
			buildSettings = {
				ALWAYS_SEARCH_USER_PATHS = NO;
				CLANG_ANALYZER_NONNULL = YES;
				CLANG_ANALYZER_NUMBER_OBJECT_CONVERSION = YES_AGGRESSIVE;
				CLANG_CXX_LANGUAGE_STANDARD = "gnu++17";
				CLANG_ENABLE_MODULES = YES;
				CLANG_ENABLE_OBJC_ARC = YES;
				CLANG_ENABLE_OBJC_WEAK = YES;
				CLANG_WARN_BLOCK_CAPTURE_AUTORELEASING = YES;
				CLANG_WARN_BOOL_CONVERSION = YES;
				CLANG_WARN_COMMA = YES;
				CLANG_WARN_CONSTANT_CONVERSION = YES;
				CLANG_WARN_DEPRECATED_OBJC_IMPLEMENTATIONS = YES;
				CLANG_WARN_DIRECT_OBJC_ISA_USAGE = YES_ERROR;
				CLANG_WARN_DOCUMENTATION_COMMENTS = YES;
				CLANG_WARN_EMPTY_BODY = YES;
				CLANG_WARN_ENUM_CONVERSION = YES;
				CLANG_WARN_INFINITE_RECURSION = YES;
				CLANG_WARN_INT_CONVERSION = YES;
				CLANG_WARN_NON_LITERAL_NULL_CONVERSION = YES;
				CLANG_WARN_OBJC_IMPLICIT_RETAIN_SELF = YES;
				CLANG_WARN_OBJC_LITERAL_CONVERSION = YES;
				CLANG_WARN_OBJC_ROOT_CLASS = YES_ERROR;
				CLANG_WARN_QUOTED_INCLUDE_IN_FRAMEWORK_HEADER = YES;
				CLANG_WARN_RANGE_LOOP_ANALYSIS = YES;
				CLANG_WARN_STRICT_PROTOTYPES = YES;
				CLANG_WARN_SUSPICIOUS_MOVE = YES;
				CLANG_WARN_UNGUARDED_AVAILABILITY = YES_AGGRESSIVE;
				CLANG_WARN_UNREACHABLE_CODE = YES;
				CLANG_WARN__DUPLICATE_METHOD_MATCH = YES;
				COPY_PHASE_STRIP = NO;
				DEBUG_INFORMATION_FORMAT = "dwarf-with-dsym";
				ENABLE_NS_ASSERTIONS = NO;
				ENABLE_STRICT_OBJC_MSGSEND = YES;
				GCC_C_LANGUAGE_STANDARD = gnu11;
				GCC_NO_COMMON_BLOCKS = YES;
				GCC_WARN_64_TO_32_BIT_CONVERSION = YES;
				GCC_WARN_ABOUT_RETURN_TYPE = YES_ERROR;
				GCC_WARN_UNDECLARED_SELECTOR = YES;
				GCC_WARN_UNINITIALIZED_AUTOS = YES_AGGRESSIVE;
				GCC_WARN_UNUSED_FUNCTION = YES;
				GCC_WARN_UNUSED_VARIABLE = YES;
				MTL_ENABLE_DEBUG_INFO = NO;
				MTL_FAST_MATH = YES;
				SWIFT_COMPILATION_MODE = wholemodule;
				SWIFT_OPTIMIZATION_LEVEL = "-O";
			};
			name = Release;
		};
		B66D3A0528BABB150045FD1E /* Debug */ = {
			isa = XCBuildConfiguration;
			buildSettings = {
				ASSETCATALOG_COMPILER_APPICON_NAME = AppIcon;
				ASSETCATALOG_COMPILER_GLOBAL_ACCENT_COLOR_NAME = AccentColor;
				CODE_SIGN_STYLE = Automatic;
				CURRENT_PROJECT_VERSION = 1;
				DEVELOPMENT_TEAM = 9VS2VKC5LQ;
				ENABLE_PREVIEWS = YES;
				GENERATE_INFOPLIST_FILE = YES;
				INFOPLIST_KEY_UIApplicationSceneManifest_Generation = YES;
				INFOPLIST_KEY_UIApplicationSupportsIndirectInputEvents = YES;
				INFOPLIST_KEY_UILaunchScreen_Generation = YES;
				INFOPLIST_KEY_UISupportedInterfaceOrientations_iPad = "UIInterfaceOrientationPortrait UIInterfaceOrientationPortraitUpsideDown UIInterfaceOrientationLandscapeLeft UIInterfaceOrientationLandscapeRight";
				INFOPLIST_KEY_UISupportedInterfaceOrientations_iPhone = "UIInterfaceOrientationPortrait UIInterfaceOrientationLandscapeLeft UIInterfaceOrientationLandscapeRight";
				IPHONEOS_DEPLOYMENT_TARGET = 16.0;
				LD_RUNPATH_SEARCH_PATHS = (
					"$(inherited)",
					"@executable_path/Frameworks",
				);
				MARKETING_VERSION = 1.0;
				PRODUCT_BUNDLE_IDENTIFIER = austincondiff.Spique;
				PRODUCT_NAME = Spique;
				SDKROOT = iphoneos;
				SWIFT_EMIT_LOC_STRINGS = YES;
				SWIFT_VERSION = 5.0;
				TARGETED_DEVICE_FAMILY = "1,2";
			};
			name = Debug;
		};
		B66D3A0628BABB150045FD1E /* Release */ = {
			isa = XCBuildConfiguration;
			buildSettings = {
				ASSETCATALOG_COMPILER_APPICON_NAME = AppIcon;
				ASSETCATALOG_COMPILER_GLOBAL_ACCENT_COLOR_NAME = AccentColor;
				CODE_SIGN_STYLE = Automatic;
				CURRENT_PROJECT_VERSION = 1;
				DEVELOPMENT_TEAM = 9VS2VKC5LQ;
				ENABLE_PREVIEWS = YES;
				GENERATE_INFOPLIST_FILE = YES;
				INFOPLIST_KEY_UIApplicationSceneManifest_Generation = YES;
				INFOPLIST_KEY_UIApplicationSupportsIndirectInputEvents = YES;
				INFOPLIST_KEY_UILaunchScreen_Generation = YES;
				INFOPLIST_KEY_UISupportedInterfaceOrientations_iPad = "UIInterfaceOrientationPortrait UIInterfaceOrientationPortraitUpsideDown UIInterfaceOrientationLandscapeLeft UIInterfaceOrientationLandscapeRight";
				INFOPLIST_KEY_UISupportedInterfaceOrientations_iPhone = "UIInterfaceOrientationPortrait UIInterfaceOrientationLandscapeLeft UIInterfaceOrientationLandscapeRight";
				IPHONEOS_DEPLOYMENT_TARGET = 16.0;
				LD_RUNPATH_SEARCH_PATHS = (
					"$(inherited)",
					"@executable_path/Frameworks",
				);
				MARKETING_VERSION = 1.0;
				PRODUCT_BUNDLE_IDENTIFIER = austincondiff.Spique;
				PRODUCT_NAME = Spique;
				SDKROOT = iphoneos;
				SWIFT_EMIT_LOC_STRINGS = YES;
				SWIFT_VERSION = 5.0;
				TARGETED_DEVICE_FAMILY = "1,2";
				VALIDATE_PRODUCT = YES;
			};
			name = Release;
		};
		B66D3A0828BABB150045FD1E /* Debug */ = {
			isa = XCBuildConfiguration;
			buildSettings = {
				ASSETCATALOG_COMPILER_APPICON_NAME = AppIcon;
				ASSETCATALOG_COMPILER_GLOBAL_ACCENT_COLOR_NAME = AccentColor;
				CODE_SIGN_ENTITLEMENTS = macOS/macOS.entitlements;
				CODE_SIGN_STYLE = Automatic;
				COMBINE_HIDPI_IMAGES = YES;
				CURRENT_PROJECT_VERSION = 1;
				DEVELOPMENT_TEAM = 9VS2VKC5LQ;
				ENABLE_HARDENED_RUNTIME = YES;
				ENABLE_PREVIEWS = YES;
				GENERATE_INFOPLIST_FILE = YES;
				INFOPLIST_KEY_NSHumanReadableCopyright = "";
				LD_RUNPATH_SEARCH_PATHS = (
					"$(inherited)",
					"@executable_path/../Frameworks",
				);
				MACOSX_DEPLOYMENT_TARGET = 12.3;
				MARKETING_VERSION = 1.0;
				PRODUCT_BUNDLE_IDENTIFIER = austincondiff.Spique;
				PRODUCT_NAME = Spique;
				SDKROOT = macosx;
				SWIFT_EMIT_LOC_STRINGS = YES;
				SWIFT_VERSION = 5.0;
			};
			name = Debug;
		};
		B66D3A0928BABB150045FD1E /* Release */ = {
			isa = XCBuildConfiguration;
			buildSettings = {
				ASSETCATALOG_COMPILER_APPICON_NAME = AppIcon;
				ASSETCATALOG_COMPILER_GLOBAL_ACCENT_COLOR_NAME = AccentColor;
				CODE_SIGN_ENTITLEMENTS = macOS/macOS.entitlements;
				CODE_SIGN_STYLE = Automatic;
				COMBINE_HIDPI_IMAGES = YES;
				CURRENT_PROJECT_VERSION = 1;
				DEVELOPMENT_TEAM = 9VS2VKC5LQ;
				ENABLE_HARDENED_RUNTIME = YES;
				ENABLE_PREVIEWS = YES;
				GENERATE_INFOPLIST_FILE = YES;
				INFOPLIST_KEY_NSHumanReadableCopyright = "";
				LD_RUNPATH_SEARCH_PATHS = (
					"$(inherited)",
					"@executable_path/../Frameworks",
				);
				MACOSX_DEPLOYMENT_TARGET = 12.3;
				MARKETING_VERSION = 1.0;
				PRODUCT_BUNDLE_IDENTIFIER = austincondiff.Spique;
				PRODUCT_NAME = Spique;
				SDKROOT = macosx;
				SWIFT_EMIT_LOC_STRINGS = YES;
				SWIFT_VERSION = 5.0;
			};
			name = Release;
		};
/* End XCBuildConfiguration section */

/* Begin XCConfigurationList section */
		B66D39EA28BABB140045FD1E /* Build configuration list for PBXProject "Spique" */ = {
			isa = XCConfigurationList;
			buildConfigurations = (
				B66D3A0228BABB150045FD1E /* Debug */,
				B66D3A0328BABB150045FD1E /* Release */,
			);
			defaultConfigurationIsVisible = 0;
			defaultConfigurationName = Release;
		};
		B66D3A0428BABB150045FD1E /* Build configuration list for PBXNativeTarget "Spique (iOS)" */ = {
			isa = XCConfigurationList;
			buildConfigurations = (
				B66D3A0528BABB150045FD1E /* Debug */,
				B66D3A0628BABB150045FD1E /* Release */,
			);
			defaultConfigurationIsVisible = 0;
			defaultConfigurationName = Release;
		};
		B66D3A0728BABB150045FD1E /* Build configuration list for PBXNativeTarget "Spique (macOS)" */ = {
			isa = XCConfigurationList;
			buildConfigurations = (
				B66D3A0828BABB150045FD1E /* Debug */,
				B66D3A0928BABB150045FD1E /* Release */,
			);
			defaultConfigurationIsVisible = 0;
			defaultConfigurationName = Release;
		};
/* End XCConfigurationList section */

/* Begin XCRemoteSwiftPackageReference section */
		B6C2BC0828EFD86E00CE69C0 /* XCRemoteSwiftPackageReference "SwiftUI-Introspect" */ = {
			isa = XCRemoteSwiftPackageReference;
			repositoryURL = "https://github.com/siteline/SwiftUI-Introspect.git";
			requirement = {
				kind = upToNextMajorVersion;
				minimumVersion = 0.1.4;
			};
		};
/* End XCRemoteSwiftPackageReference section */

/* Begin XCSwiftPackageProductDependency section */
		B6C2BC0928EFD86E00CE69C0 /* Introspect */ = {
			isa = XCSwiftPackageProductDependency;
			package = B6C2BC0828EFD86E00CE69C0 /* XCRemoteSwiftPackageReference "SwiftUI-Introspect" */;
			productName = Introspect;
		};
/* End XCSwiftPackageProductDependency section */
	};
	rootObject = B66D39E728BABB140045FD1E /* Project object */;
}
